
Microsoft Visual Studio Solution File, Format Version 12.00
# Visual Studio Version 16
VisualStudioVersion = 16.0.32106.194
MinimumVisualStudioVersion = 10.0.40219.1
Project("{FAE04EC0-301F-11D3-BF4B-00C04F79EFBC}") = "laba10", "laba10\laba10.csproj", "{C80703E3-88C1-4A9E-8726-6C538985D234}"
EndProject
Global
	GlobalSection(SolutionConfigurationPlatforms) = preSolution
		Debug|Any CPU = Debug|Any CPU
		Release|Any CPU = Release|Any CPU
	EndGlobalSection
	GlobalSection(ProjectConfigurationPlatforms) = postSolution
		{C80703E3-88C1-4A9E-8726-6C538985D234}.Debug|Any CPU.ActiveCfg = Debug|Any CPU
		{C80703E3-88C1-4A9E-8726-6C538985D234}.Debug|Any CPU.Build.0 = Debug|Any CPU
		{C80703E3-88C1-4A9E-8726-6C538985D234}.Release|Any CPU.ActiveCfg = Release|Any CPU
		{C80703E3-88C1-4A9E-8726-6C538985D234}.Release|Any CPU.Build.0 = Release|Any CPU
	EndGlobalSection
	GlobalSection(SolutionProperties) = preSolution
		HideSolutionNode = FALSE
	EndGlobalSection
	GlobalSection(ExtensibilityGlobals) = postSolution
		SolutionGuid = {23976315-2CF3-4328-A3E4-1A21897702DE}
	EndGlobalSection
EndGlobal
